
Microsoft Visual Studio Solution File, Format Version 12.00
# Visual Studio 2015
Project("{FAE04EC0-301F-11D3-BF4B-00C04F79EFBC}") = "vrpong.CSharp", "vrpong.CSharp.csproj", "{A99853A0-127F-E7B0-B6B9-541A773C93E5}"
EndProject
Project("{FAE04EC0-301F-11D3-BF4B-00C04F79EFBC}") = "vrpong.CSharp.Editor", "vrpong.CSharp.Editor.csproj", "{9EE7A9BC-5C1D-A287-D1F2-238BDF767C51}"
EndProject
Global
	GlobalSection(SolutionConfigurationPlatforms) = preSolution
		Debug|Any CPU = Debug|Any CPU
		Release|Any CPU = Release|Any CPU
	EndGlobalSection
	GlobalSection(ProjectConfigurationPlatforms) = postSolution
		{A99853A0-127F-E7B0-B6B9-541A773C93E5}.Debug|Any CPU.ActiveCfg = Debug|Any CPU
		{A99853A0-127F-E7B0-B6B9-541A773C93E5}.Debug|Any CPU.Build.0 = Debug|Any CPU
		{A99853A0-127F-E7B0-B6B9-541A773C93E5}.Release|Any CPU.ActiveCfg = Release|Any CPU
		{A99853A0-127F-E7B0-B6B9-541A773C93E5}.Release|Any CPU.Build.0 = Release|Any CPU
		{9EE7A9BC-5C1D-A287-D1F2-238BDF767C51}.Debug|Any CPU.ActiveCfg = Debug|Any CPU
		{9EE7A9BC-5C1D-A287-D1F2-238BDF767C51}.Debug|Any CPU.Build.0 = Debug|Any CPU
		{9EE7A9BC-5C1D-A287-D1F2-238BDF767C51}.Release|Any CPU.ActiveCfg = Release|Any CPU
		{9EE7A9BC-5C1D-A287-D1F2-238BDF767C51}.Release|Any CPU.Build.0 = Release|Any CPU
	EndGlobalSection
	GlobalSection(SolutionProperties) = preSolution
		HideSolutionNode = FALSE
	EndGlobalSection
EndGlobal
